
Microsoft Visual Studio Solution File, Format Version 12.00
# Visual Studio 2013
VisualStudioVersion = 12.0.30501.0
MinimumVisualStudioVersion = 10.0.40219.1
Project("{FAE04EC0-301F-11D3-BF4B-00C04F79EFBC}") = "Korvaaminen", "Korvaaminen\Korvaaminen.csproj", "{C9D0769F-B8D7-4C6F-88FF-8189ED1DAF2E}"
EndProject
Global
	GlobalSection(SolutionConfigurationPlatforms) = preSolution
		Debug|Any CPU = Debug|Any CPU
		Release|Any CPU = Release|Any CPU
	EndGlobalSection
	GlobalSection(ProjectConfigurationPlatforms) = postSolution
		{C9D0769F-B8D7-4C6F-88FF-8189ED1DAF2E}.Debug|Any CPU.ActiveCfg = Debug|Any CPU
		{C9D0769F-B8D7-4C6F-88FF-8189ED1DAF2E}.Debug|Any CPU.Build.0 = Debug|Any CPU
		{C9D0769F-B8D7-4C6F-88FF-8189ED1DAF2E}.Release|Any CPU.ActiveCfg = Release|Any CPU
		{C9D0769F-B8D7-4C6F-88FF-8189ED1DAF2E}.Release|Any CPU.Build.0 = Release|Any CPU
	EndGlobalSection
	GlobalSection(SolutionProperties) = preSolution
		HideSolutionNode = FALSE
	EndGlobalSection
EndGlobal
